
Microsoft Visual Studio Solution File, Format Version 12.00
# Visual Studio Version 17
VisualStudioVersion = 17.7.34003.232
MinimumVisualStudioVersion = 10.0.40219.1
Project("{9A19103F-16F7-4668-BE54-9A1E7A4F7556}") = "VetApp", "VetApp\VetApp.csproj", "{E92B69BC-26BD-4E7E-9D3C-8D75C9038BA5}"
EndProject
Global
	GlobalSection(SolutionConfigurationPlatforms) = preSolution
		Debug|Any CPU = Debug|Any CPU
		Release|Any CPU = Release|Any CPU
	EndGlobalSection
	GlobalSection(ProjectConfigurationPlatforms) = postSolution
		{E92B69BC-26BD-4E7E-9D3C-8D75C9038BA5}.Debug|Any CPU.ActiveCfg = Debug|Any CPU
		{E92B69BC-26BD-4E7E-9D3C-8D75C9038BA5}.Debug|Any CPU.Build.0 = Debug|Any CPU
		{E92B69BC-26BD-4E7E-9D3C-8D75C9038BA5}.Release|Any CPU.ActiveCfg = Release|Any CPU
		{E92B69BC-26BD-4E7E-9D3C-8D75C9038BA5}.Release|Any CPU.Build.0 = Release|Any CPU
	EndGlobalSection
	GlobalSection(SolutionProperties) = preSolution
		HideSolutionNode = FALSE
	EndGlobalSection
	GlobalSection(ExtensibilityGlobals) = postSolution
		SolutionGuid = {C9030E2B-1F3C-48E8-81E4-0E653E1F94FB}
	EndGlobalSection
EndGlobal
